github.com/vedadiyan/flaggy v0.0.0-20221219094954-d106d0dc1b71 h1:P10kPLVJdhcABEjv3KVSm0aarSGMeNqLirMSBXHgl3Q=
github.com/vedadiyan/flaggy v0.0.0-20221219094954-d106d0dc1b71/go.mod h1:d1nkVB7ndoYB5YP4Va1Sfi08pAd2sANx5ham32mT+4U=
github.com/vedadiyan/getup v0.0.0-20221023111203-52d3f53e11ee h1:WsJCvvlsdUjziu1d5SRBcbryttS1xkdD7WoxOhUi5pE=
github.com/vedadiyan/getup v0.0.0-20221023111203-52d3f53e11ee/go.mod h1:LFiT9x/wwhhYmtEYY6VTc9j3SbZvQPh5Go1iQ2mlaoU=
